
Microsoft Visual Studio Solution File, Format Version 12.00
# Visual Studio Version 16
VisualStudioVersion = 16.0.31321.278
MinimumVisualStudioVersion = 10.0.40219.1
Project("{9A19103F-16F7-4668-BE54-9A1E7A4F7556}") = "BlazorCRUD.Server", "BlazorCRUD\Server\BlazorCRUD.Server.csproj", "{DEF1C66E-B3AE-48D9-A81D-59D73E7F210F}"
EndProject
Project("{9A19103F-16F7-4668-BE54-9A1E7A4F7556}") = "BlazorCRUD.Client", "BlazorCRUD\Client\BlazorCRUD.Client.csproj", "{6505FE8D-DA33-4F60-8A97-DCC85B7BA34E}"
EndProject
Project("{9A19103F-16F7-4668-BE54-9A1E7A4F7556}") = "BlazorCRUD.Shared", "BlazorCRUD\Shared\BlazorCRUD.Shared.csproj", "{13EDA86B-144D-4001-939F-59D9C98A9C13}"
EndProject
Global
	GlobalSection(SolutionConfigurationPlatforms) = preSolution
		Debug|Any CPU = Debug|Any CPU
		Release|Any CPU = Release|Any CPU
	EndGlobalSection
	GlobalSection(ProjectConfigurationPlatforms) = postSolution
		{DEF1C66E-B3AE-48D9-A81D-59D73E7F210F}.Debug|Any CPU.ActiveCfg = Debug|Any CPU
		{DEF1C66E-B3AE-48D9-A81D-59D73E7F210F}.Debug|Any CPU.Build.0 = Debug|Any CPU
		{DEF1C66E-B3AE-48D9-A81D-59D73E7F210F}.Release|Any CPU.ActiveCfg = Release|Any CPU
		{DEF1C66E-B3AE-48D9-A81D-59D73E7F210F}.Release|Any CPU.Build.0 = Release|Any CPU
		{6505FE8D-DA33-4F60-8A97-DCC85B7BA34E}.Debug|Any CPU.ActiveCfg = Debug|Any CPU
		{6505FE8D-DA33-4F60-8A97-DCC85B7BA34E}.Debug|Any CPU.Build.0 = Debug|Any CPU
		{6505FE8D-DA33-4F60-8A97-DCC85B7BA34E}.Release|Any CPU.ActiveCfg = Release|Any CPU
		{6505FE8D-DA33-4F60-8A97-DCC85B7BA34E}.Release|Any CPU.Build.0 = Release|Any CPU
		{13EDA86B-144D-4001-939F-59D9C98A9C13}.Debug|Any CPU.ActiveCfg = Debug|Any CPU
		{13EDA86B-144D-4001-939F-59D9C98A9C13}.Debug|Any CPU.Build.0 = Debug|Any CPU
		{13EDA86B-144D-4001-939F-59D9C98A9C13}.Release|Any CPU.ActiveCfg = Release|Any CPU
		{13EDA86B-144D-4001-939F-59D9C98A9C13}.Release|Any CPU.Build.0 = Release|Any CPU
	EndGlobalSection
	GlobalSection(SolutionProperties) = preSolution
		HideSolutionNode = FALSE
	EndGlobalSection
	GlobalSection(ExtensibilityGlobals) = postSolution
		SolutionGuid = {287636EE-B2EA-47EC-920C-ACD1713DBA1C}
	EndGlobalSection
EndGlobal
